
Microsoft Visual Studio Solution File, Format Version 12.00
# Visual Studio Version 16
VisualStudioVersion = 16.0.31605.320
MinimumVisualStudioVersion = 10.0.40219.1
Project("{9A19103F-16F7-4668-BE54-9A1E7A4F7556}") = "Chat", "Chat\Chat.csproj", "{A0E8900D-9827-43A0-B773-580D209CC2F9}"
EndProject
Project("{9A19103F-16F7-4668-BE54-9A1E7A4F7556}") = "Calculation", "Calculation\Calculation.csproj", "{88741F63-3647-4553-8E28-F904ADE84044}"
	ProjectSection(ProjectDependencies) = postProject
		{A0E8900D-9827-43A0-B773-580D209CC2F9} = {A0E8900D-9827-43A0-B773-580D209CC2F9}
	EndProjectSection
EndProject
Project("{FAE04EC0-301F-11D3-BF4B-00C04F79EFBC}") = "Search", "Search\Search.csproj", "{667CB883-96DC-4FB1-9D0C-19B46C29A78E}"
	ProjectSection(ProjectDependencies) = postProject
		{A0E8900D-9827-43A0-B773-580D209CC2F9} = {A0E8900D-9827-43A0-B773-580D209CC2F9}
	EndProjectSection
EndProject
Global
	GlobalSection(SolutionConfigurationPlatforms) = preSolution
		Debug|Any CPU = Debug|Any CPU
		Release|Any CPU = Release|Any CPU
	EndGlobalSection
	GlobalSection(ProjectConfigurationPlatforms) = postSolution
		{A0E8900D-9827-43A0-B773-580D209CC2F9}.Debug|Any CPU.ActiveCfg = Debug|Any CPU
		{A0E8900D-9827-43A0-B773-580D209CC2F9}.Debug|Any CPU.Build.0 = Debug|Any CPU
		{A0E8900D-9827-43A0-B773-580D209CC2F9}.Release|Any CPU.ActiveCfg = Release|Any CPU
		{A0E8900D-9827-43A0-B773-580D209CC2F9}.Release|Any CPU.Build.0 = Release|Any CPU
		{88741F63-3647-4553-8E28-F904ADE84044}.Debug|Any CPU.ActiveCfg = Debug|Any CPU
		{88741F63-3647-4553-8E28-F904ADE84044}.Debug|Any CPU.Build.0 = Debug|Any CPU
		{88741F63-3647-4553-8E28-F904ADE84044}.Release|Any CPU.ActiveCfg = Release|Any CPU
		{88741F63-3647-4553-8E28-F904ADE84044}.Release|Any CPU.Build.0 = Release|Any CPU
		{667CB883-96DC-4FB1-9D0C-19B46C29A78E}.Debug|Any CPU.ActiveCfg = Debug|Any CPU
		{667CB883-96DC-4FB1-9D0C-19B46C29A78E}.Debug|Any CPU.Build.0 = Debug|Any CPU
		{667CB883-96DC-4FB1-9D0C-19B46C29A78E}.Release|Any CPU.ActiveCfg = Release|Any CPU
		{667CB883-96DC-4FB1-9D0C-19B46C29A78E}.Release|Any CPU.Build.0 = Release|Any CPU
	EndGlobalSection
	GlobalSection(SolutionProperties) = preSolution
		HideSolutionNode = FALSE
	EndGlobalSection
	GlobalSection(ExtensibilityGlobals) = postSolution
		SolutionGuid = {5D20ED99-5E7F-4498-9120-2D8C524C6599}
	EndGlobalSection
EndGlobal
